
Microsoft Visual Studio Solution File, Format Version 12.00
# Visual Studio Version 16
VisualStudioVersion = 16.0.32510.428
MinimumVisualStudioVersion = 10.0.40219.1
Project("{FAE04EC0-301F-11D3-BF4B-00C04F79EFBC}") = "Geeker", "Geeker\Geeker.csproj", "{A735D65B-1EFA-406D-8EAA-FFE864B85A91}"
EndProject
Global
	GlobalSection(SolutionConfigurationPlatforms) = preSolution
		Debug|Any CPU = Debug|Any CPU
		Release|Any CPU = Release|Any CPU
	EndGlobalSection
	GlobalSection(ProjectConfigurationPlatforms) = postSolution
		{A735D65B-1EFA-406D-8EAA-FFE864B85A91}.Debug|Any CPU.ActiveCfg = Debug|Any CPU
		{A735D65B-1EFA-406D-8EAA-FFE864B85A91}.Debug|Any CPU.Build.0 = Debug|Any CPU
		{A735D65B-1EFA-406D-8EAA-FFE864B85A91}.Release|Any CPU.ActiveCfg = Release|Any CPU
		{A735D65B-1EFA-406D-8EAA-FFE864B85A91}.Release|Any CPU.Build.0 = Release|Any CPU
	EndGlobalSection
	GlobalSection(SolutionProperties) = preSolution
		HideSolutionNode = FALSE
	EndGlobalSection
	GlobalSection(ExtensibilityGlobals) = postSolution
		SolutionGuid = {3ABEB099-CD5E-42FF-B6E3-FACA8875F906}
	EndGlobalSection
EndGlobal
